
Microsoft Visual Studio Solution File, Format Version 12.00
# Visual Studio Version 17
VisualStudioVersion = 17.0.31903.59
MinimumVisualStudioVersion = 10.0.40219.1
Project("{9A19103F-16F7-4668-BE54-9A1E7A4F7556}") = "WS_GYM", "WS_GYM\WS_GYM.csproj", "{78C95BE8-52C3-464A-B9D1-93EFDE4E9D68}"
EndProject
Project("{FAE04EC0-301F-11D3-BF4B-00C04F79EFBC}") = "TestProject", "TestProject\TestProject.csproj", "{55538510-1FE4-400B-9445-E9B24E5AA772}"
EndProject
Global
	GlobalSection(SolutionConfigurationPlatforms) = preSolution
		Debug|Any CPU = Debug|Any CPU
		Release|Any CPU = Release|Any CPU
	EndGlobalSection
	GlobalSection(ProjectConfigurationPlatforms) = postSolution
		{78C95BE8-52C3-464A-B9D1-93EFDE4E9D68}.Debug|Any CPU.ActiveCfg = Debug|Any CPU
		{78C95BE8-52C3-464A-B9D1-93EFDE4E9D68}.Debug|Any CPU.Build.0 = Debug|Any CPU
		{78C95BE8-52C3-464A-B9D1-93EFDE4E9D68}.Release|Any CPU.ActiveCfg = Release|Any CPU
		{78C95BE8-52C3-464A-B9D1-93EFDE4E9D68}.Release|Any CPU.Build.0 = Release|Any CPU
		{55538510-1FE4-400B-9445-E9B24E5AA772}.Debug|Any CPU.ActiveCfg = Debug|Any CPU
		{55538510-1FE4-400B-9445-E9B24E5AA772}.Debug|Any CPU.Build.0 = Debug|Any CPU
		{55538510-1FE4-400B-9445-E9B24E5AA772}.Release|Any CPU.ActiveCfg = Release|Any CPU
		{55538510-1FE4-400B-9445-E9B24E5AA772}.Release|Any CPU.Build.0 = Release|Any CPU
	EndGlobalSection
	GlobalSection(SolutionProperties) = preSolution
		HideSolutionNode = FALSE
	EndGlobalSection
	GlobalSection(ExtensibilityGlobals) = postSolution
		SolutionGuid = {6B51F37D-C9B7-43DB-BAA7-2A8D8F19739F}
	EndGlobalSection
EndGlobal
